
Microsoft Visual Studio Solution File, Format Version 12.00
# Visual Studio Version 17
VisualStudioVersion = 17.5.33516.290
MinimumVisualStudioVersion = 10.0.40219.1
Project("{888888A0-9F3D-457C-B088-3A5042F75D52}") = "Shapley", "Shapley\Shapley.pyproj", "{3D99BB7B-C189-4E35-A588-82DEDEA9F130}"
EndProject
Global
	GlobalSection(SolutionConfigurationPlatforms) = preSolution
		Debug|Any CPU = Debug|Any CPU
		Release|Any CPU = Release|Any CPU
	EndGlobalSection
	GlobalSection(ProjectConfigurationPlatforms) = postSolution
		{3D99BB7B-C189-4E35-A588-82DEDEA9F130}.Debug|Any CPU.ActiveCfg = Debug|Any CPU
		{3D99BB7B-C189-4E35-A588-82DEDEA9F130}.Release|Any CPU.ActiveCfg = Release|Any CPU
	EndGlobalSection
	GlobalSection(SolutionProperties) = preSolution
		HideSolutionNode = FALSE
	EndGlobalSection
	GlobalSection(ExtensibilityGlobals) = postSolution
		SolutionGuid = {175E9376-E17D-4D3A-B2F3-19A9D1D86FD8}
	EndGlobalSection
EndGlobal
