
Microsoft Visual Studio Solution File, Format Version 12.00
# Visual Studio Version 17
VisualStudioVersion = 17.5.33516.290
MinimumVisualStudioVersion = 10.0.40219.1
Project("{888888A0-9F3D-457C-B088-3A5042F75D52}") = "Makine_Öğrenmesi", "Makine_Öğrenmesi\Makine_Öğrenmesi.pyproj", "{90FAC0AA-5BAA-4A2D-A996-E1C213052A64}"
EndProject
Global
	GlobalSection(SolutionConfigurationPlatforms) = preSolution
		Debug|Any CPU = Debug|Any CPU
		Release|Any CPU = Release|Any CPU
	EndGlobalSection
	GlobalSection(ProjectConfigurationPlatforms) = postSolution
		{90FAC0AA-5BAA-4A2D-A996-E1C213052A64}.Debug|Any CPU.ActiveCfg = Debug|Any CPU
		{90FAC0AA-5BAA-4A2D-A996-E1C213052A64}.Release|Any CPU.ActiveCfg = Release|Any CPU
	EndGlobalSection
	GlobalSection(SolutionProperties) = preSolution
		HideSolutionNode = FALSE
	EndGlobalSection
	GlobalSection(ExtensibilityGlobals) = postSolution
		SolutionGuid = {F3B3A603-A942-48BA-8346-03566878607B}
	EndGlobalSection
EndGlobal
