
Microsoft Visual Studio Solution File, Format Version 12.00
# Visual Studio Version 17
VisualStudioVersion = 17.5.33516.290
MinimumVisualStudioVersion = 10.0.40219.1
Project("{888888A0-9F3D-457C-B088-3A5042F75D52}") = "UygulamaArayüzü", "UygulamaArayüzü\UygulamaArayüzü.pyproj", "{0B109885-FBA2-42D7-8E67-2F7639828BD3}"
EndProject
Global
	GlobalSection(SolutionConfigurationPlatforms) = preSolution
		Debug|Any CPU = Debug|Any CPU
		Release|Any CPU = Release|Any CPU
	EndGlobalSection
	GlobalSection(ProjectConfigurationPlatforms) = postSolution
		{0B109885-FBA2-42D7-8E67-2F7639828BD3}.Debug|Any CPU.ActiveCfg = Debug|Any CPU
		{0B109885-FBA2-42D7-8E67-2F7639828BD3}.Release|Any CPU.ActiveCfg = Release|Any CPU
	EndGlobalSection
	GlobalSection(SolutionProperties) = preSolution
		HideSolutionNode = FALSE
	EndGlobalSection
	GlobalSection(ExtensibilityGlobals) = postSolution
		SolutionGuid = {1F977502-7638-448E-A0D4-935D9AD145B7}
	EndGlobalSection
EndGlobal
